
Microsoft Visual Studio Solution File, Format Version 12.00
# Visual Studio Version 17
VisualStudioVersion = 17.13.35913.81 d17.13
MinimumVisualStudioVersion = 10.0.40219.1
Project("{FAE04EC0-301F-11D3-BF4B-00C04F79EFBC}") = "Semana api 11", "Semana api 11\Semana api 11.csproj", "{D73FFB9C-A19B-41AA-90AE-8BE79C4F2476}"
EndProject
Global
	GlobalSection(SolutionConfigurationPlatforms) = preSolution
		Debug|Any CPU = Debug|Any CPU
		Release|Any CPU = Release|Any CPU
	EndGlobalSection
	GlobalSection(ProjectConfigurationPlatforms) = postSolution
		{D73FFB9C-A19B-41AA-90AE-8BE79C4F2476}.Debug|Any CPU.ActiveCfg = Debug|Any CPU
		{D73FFB9C-A19B-41AA-90AE-8BE79C4F2476}.Debug|Any CPU.Build.0 = Debug|Any CPU
		{D73FFB9C-A19B-41AA-90AE-8BE79C4F2476}.Release|Any CPU.ActiveCfg = Release|Any CPU
		{D73FFB9C-A19B-41AA-90AE-8BE79C4F2476}.Release|Any CPU.Build.0 = Release|Any CPU
	EndGlobalSection
	GlobalSection(SolutionProperties) = preSolution
		HideSolutionNode = FALSE
	EndGlobalSection
	GlobalSection(ExtensibilityGlobals) = postSolution
		SolutionGuid = {850779D4-1F56-4C7C-8FDF-4D60AF21A92C}
	EndGlobalSection
EndGlobal
